// !$*UTF8*$!
{
	archiveVersion = 1;
	classes = {
	};
	objectVersion = 55;
	objects = {

/* Begin PBXBuildFile section */
		2E7E2FAC27F1998A002EC12D /* AppDelegate.swift in Sources */ = {isa = PBXBuildFile; fileRef = 2E7E2FAB27F1998A002EC12D /* AppDelegate.swift */; };
		2E7E2FAE27F1998A002EC12D /* SceneDelegate.swift in Sources */ = {isa = PBXBuildFile; fileRef = 2E7E2FAD27F1998A002EC12D /* SceneDelegate.swift */; };
		2E7E2FB027F1998A002EC12D /* ViewController.swift in Sources */ = {isa = PBXBuildFile; fileRef = 2E7E2FAF27F1998A002EC12D /* ViewController.swift */; };
		2E7E2FB327F1998A002EC12D /* Main.storyboard in Resources */ = {isa = PBXBuildFile; fileRef = 2E7E2FB127F1998A002EC12D /* Main.storyboard */; };
		2E7E2FB527F1998C002EC12D /* Assets.xcassets in Resources */ = {isa = PBXBuildFile; fileRef = 2E7E2FB427F1998C002EC12D /* Assets.xcassets */; };
		2E7E2FB827F1998C002EC12D /* LaunchScreen.storyboard in Resources */ = {isa = PBXBuildFile; fileRef = 2E7E2FB627F1998C002EC12D /* LaunchScreen.storyboard */; };
		2E7E2FC027F58E10002EC12D /* PoolManager.swift in Sources */ = {isa = PBXBuildFile; fileRef = 2E7E2FBF27F58E10002EC12D /* PoolManager.swift */; };
		2E7E2FC227F5929B002EC12D /* Connection.swift in Sources */ = {isa = PBXBuildFile; fileRef = 2E7E2FC127F5929B002EC12D /* Connection.swift */; };
		2E7E2FE428053016002EC12D /* Database.swift in Sources */ = {isa = PBXBuildFile; fileRef = 2E7E2FE328053015002EC12D /* Database.swift */; };
/* End PBXBuildFile section */

/* Begin PBXFileReference section */
		2E7E2FA827F1998A002EC12D /* YazilimTasarimKaliplari1.app */ = {isa = PBXFileReference; explicitFileType = wrapper.application; includeInIndex = 0; path = YazilimTasarimKaliplari1.app; sourceTree = BUILT_PRODUCTS_DIR; };
		2E7E2FAB27F1998A002EC12D /* AppDelegate.swift */ = {isa = PBXFileReference; lastKnownFileType = sourcecode.swift; path = AppDelegate.swift; sourceTree = "<group>"; };
		2E7E2FAD27F1998A002EC12D /* SceneDelegate.swift */ = {isa = PBXFileReference; lastKnownFileType = sourcecode.swift; path = SceneDelegate.swift; sourceTree = "<group>"; };
		2E7E2FAF27F1998A002EC12D /* ViewController.swift */ = {isa = PBXFileReference; lastKnownFileType = sourcecode.swift; path = ViewController.swift; sourceTree = "<group>"; };
		2E7E2FB227F1998A002EC12D /* Base */ = {isa = PBXFileReference; lastKnownFileType = file.storyboard; name = Base; path = Base.lproj/Main.storyboard; sourceTree = "<group>"; };
		2E7E2FB427F1998C002EC12D /* Assets.xcassets */ = {isa = PBXFileReference; lastKnownFileType = folder.assetcatalog; path = Assets.xcassets; sourceTree = "<group>"; };
		2E7E2FB727F1998C002EC12D /* Base */ = {isa = PBXFileReference; lastKnownFileType = file.storyboard; name = Base; path = Base.lproj/LaunchScreen.storyboard; sourceTree = "<group>"; };
		2E7E2FB927F1998C002EC12D /* Info.plist */ = {isa = PBXFileReference; lastKnownFileType = text.plist.xml; path = Info.plist; sourceTree = "<group>"; };
		2E7E2FBF27F58E10002EC12D /* PoolManager.swift */ = {isa = PBXFileReference; lastKnownFileType = sourcecode.swift; path = PoolManager.swift; sourceTree = "<group>"; };
		2E7E2FC127F5929B002EC12D /* Connection.swift */ = {isa = PBXFileReference; lastKnownFileType = sourcecode.swift; path = Connection.swift; sourceTree = "<group>"; };
		2E7E2FE328053015002EC12D /* Database.swift */ = {isa = PBXFileReference; lastKnownFileType = sourcecode.swift; path = Database.swift; sourceTree = "<group>"; };
/* End PBXFileReference section */

/* Begin PBXFrameworksBuildPhase section */
		2E7E2FA527F1998A002EC12D /* Frameworks */ = {
			isa = PBXFrameworksBuildPhase;
			buildActionMask = 2147483647;
			files = (
			);
			runOnlyForDeploymentPostprocessing = 0;
		};
/* End PBXFrameworksBuildPhase section */

/* Begin PBXGroup section */
		2E7E2F9F27F1998A002EC12D = {
			isa = PBXGroup;
			children = (
				2E7E2FAA27F1998A002EC12D /* YazilimTasarimKaliplari1 */,
				2E7E2FA927F1998A002EC12D /* Products */,
			);
			sourceTree = "<group>";
		};
		2E7E2FA927F1998A002EC12D /* Products */ = {
			isa = PBXGroup;
			children = (
				2E7E2FA827F1998A002EC12D /* YazilimTasarimKaliplari1.app */,
			);
			name = Products;
			sourceTree = "<group>";
		};
		2E7E2FAA27F1998A002EC12D /* YazilimTasarimKaliplari1 */ = {
			isa = PBXGroup;
			children = (
				2E7E2FAB27F1998A002EC12D /* AppDelegate.swift */,
				2E7E2FAD27F1998A002EC12D /* SceneDelegate.swift */,
				2E7E2FAF27F1998A002EC12D /* ViewController.swift */,
				2E7E2FBF27F58E10002EC12D /* PoolManager.swift */,
				2E7E2FB127F1998A002EC12D /* Main.storyboard */,
				2E7E2FB427F1998C002EC12D /* Assets.xcassets */,
				2E7E2FB627F1998C002EC12D /* LaunchScreen.storyboard */,
				2E7E2FB927F1998C002EC12D /* Info.plist */,
				2E7E2FC127F5929B002EC12D /* Connection.swift */,
				2E7E2FE328053015002EC12D /* Database.swift */,
			);
			path = YazilimTasarimKaliplari1;
			sourceTree = "<group>";
		};
/* End PBXGroup section */

/* Begin PBXNativeTarget section */
		2E7E2FA727F1998A002EC12D /* YazilimTasarimKaliplari1 */ = {
			isa = PBXNativeTarget;
			buildConfigurationList = 2E7E2FBC27F1998C002EC12D /* Build configuration list for PBXNativeTarget "YazilimTasarimKaliplari1" */;
			buildPhases = (
				2E7E2FA427F1998A002EC12D /* Sources */,
				2E7E2FA527F1998A002EC12D /* Frameworks */,
				2E7E2FA627F1998A002EC12D /* Resources */,
			);
			buildRules = (
			);
			dependencies = (
			);
			name = YazilimTasarimKaliplari1;
			productName = YazilimTasarimKaliplari1;
			productReference = 2E7E2FA827F1998A002EC12D /* YazilimTasarimKaliplari1.app */;
			productType = "com.apple.product-type.application";
		};
/* End PBXNativeTarget section */

/* Begin PBXProject section */
		2E7E2FA027F1998A002EC12D /* Project object */ = {
			isa = PBXProject;
			attributes = {
				BuildIndependentTargetsInParallel = 1;
				LastSwiftUpdateCheck = 1320;
				LastUpgradeCheck = 1320;
				TargetAttributes = {
					2E7E2FA727F1998A002EC12D = {
						CreatedOnToolsVersion = 13.2.1;
					};
				};
			};
			buildConfigurationList = 2E7E2FA327F1998A002EC12D /* Build configuration list for PBXProject "YazilimTasarimKaliplari1" */;
			compatibilityVersion = "Xcode 13.0";
			developmentRegion = en;
			hasScannedForEncodings = 0;
			knownRegions = (
				en,
				Base,
			);
			mainGroup = 2E7E2F9F27F1998A002EC12D;
			productRefGroup = 2E7E2FA927F1998A002EC12D /* Products */;
			projectDirPath = "";
			projectRoot = "";
			targets = (
				2E7E2FA727F1998A002EC12D /* YazilimTasarimKaliplari1 */,
			);
		};
/* End PBXProject section */

/* Begin PBXResourcesBuildPhase section */
		2E7E2FA627F1998A002EC12D /* Resources */ = {
			isa = PBXResourcesBuildPhase;
			buildActionMask = 2147483647;
			files = (
				2E7E2FB827F1998C002EC12D /* LaunchScreen.storyboard in Resources */,
				2E7E2FB527F1998C002EC12D /* Assets.xcassets in Resources */,
				2E7E2FB327F1998A002EC12D /* Main.storyboard in Resources */,
			);
			runOnlyForDeploymentPostprocessing = 0;
		};
/* End PBXResourcesBuildPhase section */

/* Begin PBXSourcesBuildPhase section */
		2E7E2FA427F1998A002EC12D /* Sources */ = {
			isa = PBXSourcesBuildPhase;
			buildActionMask = 2147483647;
			files = (
				2E7E2FE428053016002EC12D /* Database.swift in Sources */,
				2E7E2FB027F1998A002EC12D /* ViewController.swift in Sources */,
				2E7E2FC027F58E10002EC12D /* PoolManager.swift in Sources */,
				2E7E2FC227F5929B002EC12D /* Connection.swift in Sources */,
				2E7E2FAC27F1998A002EC12D /* AppDelegate.swift in Sources */,
				2E7E2FAE27F1998A002EC12D /* SceneDelegate.swift in Sources */,
			);
			runOnlyForDeploymentPostprocessing = 0;
		};
/* End PBXSourcesBuildPhase section */

/* Begin PBXVariantGroup section */
		2E7E2FB127F1998A002EC12D /* Main.storyboard */ = {
			isa = PBXVariantGroup;
			children = (
				2E7E2FB227F1998A002EC12D /* Base */,
			);
			name = Main.storyboard;
			sourceTree = "<group>";
		};
		2E7E2FB627F1998C002EC12D /* LaunchScreen.storyboard */ = {
			isa = PBXVariantGroup;
			children = (
				2E7E2FB727F1998C002EC12D /* Base */,
			);
			name = LaunchScreen.storyboard;
			sourceTree = "<group>";
		};
/* End PBXVariantGroup section */

/* Begin XCBuildConfiguration section */
		2E7E2FBA27F1998C002EC12D /* Debug */ = {
			isa = XCBuildConfiguration;
			buildSettings = {
				ALWAYS_SEARCH_USER_PATHS = NO;
				CLANG_ANALYZER_NONNULL = YES;
				CLANG_ANALYZER_NUMBER_OBJECT_CONVERSION = YES_AGGRESSIVE;
				CLANG_CXX_LANGUAGE_STANDARD = "gnu++17";
				CLANG_CXX_LIBRARY = "libc++";
				CLANG_ENABLE_MODULES = YES;
				CLANG_ENABLE_OBJC_ARC = YES;
				CLANG_ENABLE_OBJC_WEAK = YES;
				CLANG_WARN_BLOCK_CAPTURE_AUTORELEASING = YES;
				CLANG_WARN_BOOL_CONVERSION = YES;
				CLANG_WARN_COMMA = YES;
				CLANG_WARN_CONSTANT_CONVERSION = YES;
				CLANG_WARN_DEPRECATED_OBJC_IMPLEMENTATIONS = YES;
				CLANG_WARN_DIRECT_OBJC_ISA_USAGE = YES_ERROR;
				CLANG_WARN_DOCUMENTATION_COMMENTS = YES;
				CLANG_WARN_EMPTY_BODY = YES;
				CLANG_WARN_ENUM_CONVERSION = YES;
				CLANG_WARN_INFINITE_RECURSION = YES;
				CLANG_WARN_INT_CONVERSION = YES;
				CLANG_WARN_NON_LITERAL_NULL_CONVERSION = YES;
				CLANG_WARN_OBJC_IMPLICIT_RETAIN_SELF = YES;
				CLANG_WARN_OBJC_LITERAL_CONVERSION = YES;
				CLANG_WARN_OBJC_ROOT_CLASS = YES_ERROR;
				CLANG_WARN_QUOTED_INCLUDE_IN_FRAMEWORK_HEADER = YES;
				CLANG_WARN_RANGE_LOOP_ANALYSIS = YES;
				CLANG_WARN_STRICT_PROTOTYPES = YES;
				CLANG_WARN_SUSPICIOUS_MOVE = YES;
				CLANG_WARN_UNGUARDED_AVAILABILITY = YES_AGGRESSIVE;
				CLANG_WARN_UNREACHABLE_CODE = YES;
				CLANG_WARN__DUPLICATE_METHOD_MATCH = YES;
				COPY_PHASE_STRIP = NO;
				DEBUG_INFORMATION_FORMAT = dwarf;
				ENABLE_STRICT_OBJC_MSGSEND = YES;
				ENABLE_TESTABILITY = YES;
				GCC_C_LANGUAGE_STANDARD = gnu11;
				GCC_DYNAMIC_NO_PIC = NO;
				GCC_NO_COMMON_BLOCKS = YES;
				GCC_OPTIMIZATION_LEVEL = 0;
				GCC_PREPROCESSOR_DEFINITIONS = (
					"DEBUG=1",
					"$(inherited)",
				);
				GCC_WARN_64_TO_32_BIT_CONVERSION = YES;
				GCC_WARN_ABOUT_RETURN_TYPE = YES_ERROR;
				GCC_WARN_UNDECLARED_SELECTOR = YES;
				GCC_WARN_UNINITIALIZED_AUTOS = YES_AGGRESSIVE;
				GCC_WARN_UNUSED_FUNCTION = YES;
				GCC_WARN_UNUSED_VARIABLE = YES;
				IPHONEOS_DEPLOYMENT_TARGET = 15.2;
				MTL_ENABLE_DEBUG_INFO = INCLUDE_SOURCE;
				MTL_FAST_MATH = YES;
				ONLY_ACTIVE_ARCH = YES;
				SDKROOT = iphoneos;
				SWIFT_ACTIVE_COMPILATION_CONDITIONS = DEBUG;
				SWIFT_OPTIMIZATION_LEVEL = "-Onone";
			};
			name = Debug;
		};
		2E7E2FBB27F1998C002EC12D /* Release */ = {
			isa = XCBuildConfiguration;
			buildSettings = {
				ALWAYS_SEARCH_USER_PATHS = NO;
				CLANG_ANALYZER_NONNULL = YES;
				CLANG_ANALYZER_NUMBER_OBJECT_CONVERSION = YES_AGGRESSIVE;
				CLANG_CXX_LANGUAGE_STANDARD = "gnu++17";
				CLANG_CXX_LIBRARY = "libc++";
				CLANG_ENABLE_MODULES = YES;
				CLANG_ENABLE_OBJC_ARC = YES;
				CLANG_ENABLE_OBJC_WEAK = YES;
				CLANG_WARN_BLOCK_CAPTURE_AUTORELEASING = YES;
				CLANG_WARN_BOOL_CONVERSION = YES;
				CLANG_WARN_COMMA = YES;
				CLANG_WARN_CONSTANT_CONVERSION = YES;
				CLANG_WARN_DEPRECATED_OBJC_IMPLEMENTATIONS = YES;
				CLANG_WARN_DIRECT_OBJC_ISA_USAGE = YES_ERROR;
				CLANG_WARN_DOCUMENTATION_COMMENTS = YES;
				CLANG_WARN_EMPTY_BODY = YES;
				CLANG_WARN_ENUM_CONVERSION = YES;
				CLANG_WARN_INFINITE_RECURSION = YES;
				CLANG_WARN_INT_CONVERSION = YES;
				CLANG_WARN_NON_LITERAL_NULL_CONVERSION = YES;
				CLANG_WARN_OBJC_IMPLICIT_RETAIN_SELF = YES;
				CLANG_WARN_OBJC_LITERAL_CONVERSION = YES;
				CLANG_WARN_OBJC_ROOT_CLASS = YES_ERROR;
				CLANG_WARN_QUOTED_INCLUDE_IN_FRAMEWORK_HEADER = YES;
				CLANG_WARN_RANGE_LOOP_ANALYSIS = YES;
				CLANG_WARN_STRICT_PROTOTYPES = YES;
				CLANG_WARN_SUSPICIOUS_MOVE = YES;
				CLANG_WARN_UNGUARDED_AVAILABILITY = YES_AGGRESSIVE;
				CLANG_WARN_UNREACHABLE_CODE = YES;
				CLANG_WARN__DUPLICATE_METHOD_MATCH = YES;
				COPY_PHASE_STRIP = NO;
				DEBUG_INFORMATION_FORMAT = "dwarf-with-dsym";
				ENABLE_NS_ASSERTIONS = NO;
				ENABLE_STRICT_OBJC_MSGSEND = YES;
				GCC_C_LANGUAGE_STANDARD = gnu11;
				GCC_NO_COMMON_BLOCKS = YES;
				GCC_WARN_64_TO_32_BIT_CONVERSION = YES;
				GCC_WARN_ABOUT_RETURN_TYPE = YES_ERROR;
				GCC_WARN_UNDECLARED_SELECTOR = YES;
				GCC_WARN_UNINITIALIZED_AUTOS = YES_AGGRESSIVE;
				GCC_WARN_UNUSED_FUNCTION = YES;
				GCC_WARN_UNUSED_VARIABLE = YES;
				IPHONEOS_DEPLOYMENT_TARGET = 15.2;
				MTL_ENABLE_DEBUG_INFO = NO;
				MTL_FAST_MATH = YES;
				SDKROOT = iphoneos;
				SWIFT_COMPILATION_MODE = wholemodule;
				SWIFT_OPTIMIZATION_LEVEL = "-O";
				VALIDATE_PRODUCT = YES;
			};
			name = Release;
		};
		2E7E2FBD27F1998C002EC12D /* Debug */ = {
			isa = XCBuildConfiguration;
			buildSettings = {
				ASSETCATALOG_COMPILER_APPICON_NAME = AppIcon;
				ASSETCATALOG_COMPILER_GLOBAL_ACCENT_COLOR_NAME = AccentColor;
				CODE_SIGN_STYLE = Automatic;
				CURRENT_PROJECT_VERSION = 1;
				DEVELOPMENT_TEAM = Q45W58MBTL;
				GENERATE_INFOPLIST_FILE = YES;
				INFOPLIST_FILE = YazilimTasarimKaliplari1/Info.plist;
				INFOPLIST_KEY_UIApplicationSupportsIndirectInputEvents = YES;
				INFOPLIST_KEY_UILaunchStoryboardName = LaunchScreen;
				INFOPLIST_KEY_UIMainStoryboardFile = Main;
				INFOPLIST_KEY_UISupportedInterfaceOrientations_iPad = "UIInterfaceOrientationPortrait UIInterfaceOrientationPortraitUpsideDown UIInterfaceOrientationLandscapeLeft UIInterfaceOrientationLandscapeRight";
				INFOPLIST_KEY_UISupportedInterfaceOrientations_iPhone = "UIInterfaceOrientationPortrait UIInterfaceOrientationLandscapeLeft UIInterfaceOrientationLandscapeRight";
				LD_RUNPATH_SEARCH_PATHS = (
					"$(inherited)",
					"@executable_path/Frameworks",
				);
				MARKETING_VERSION = 1.0;
				PRODUCT_BUNDLE_IDENTIFIER = info.YazilimTasarimKaliplari1;
				PRODUCT_NAME = "$(TARGET_NAME)";
				SWIFT_EMIT_LOC_STRINGS = YES;
				SWIFT_VERSION = 5.0;
				TARGETED_DEVICE_FAMILY = "1,2";
			};
			name = Debug;
		};
		2E7E2FBE27F1998C002EC12D /* Release */ = {
			isa = XCBuildConfiguration;
			buildSettings = {
				ASSETCATALOG_COMPILER_APPICON_NAME = AppIcon;
				ASSETCATALOG_COMPILER_GLOBAL_ACCENT_COLOR_NAME = AccentColor;
				CODE_SIGN_STYLE = Automatic;
				CURRENT_PROJECT_VERSION = 1;
				DEVELOPMENT_TEAM = Q45W58MBTL;
				GENERATE_INFOPLIST_FILE = YES;
				INFOPLIST_FILE = YazilimTasarimKaliplari1/Info.plist;
				INFOPLIST_KEY_UIApplicationSupportsIndirectInputEvents = YES;
				INFOPLIST_KEY_UILaunchStoryboardName = LaunchScreen;
				INFOPLIST_KEY_UIMainStoryboardFile = Main;
				INFOPLIST_KEY_UISupportedInterfaceOrientations_iPad = "UIInterfaceOrientationPortrait UIInterfaceOrientationPortraitUpsideDown UIInterfaceOrientationLandscapeLeft UIInterfaceOrientationLandscapeRight";
				INFOPLIST_KEY_UISupportedInterfaceOrientations_iPhone = "UIInterfaceOrientationPortrait UIInterfaceOrientationLandscapeLeft UIInterfaceOrientationLandscapeRight";
				LD_RUNPATH_SEARCH_PATHS = (
					"$(inherited)",
					"@executable_path/Frameworks",
				);
				MARKETING_VERSION = 1.0;
				PRODUCT_BUNDLE_IDENTIFIER = info.YazilimTasarimKaliplari1;
				PRODUCT_NAME = "$(TARGET_NAME)";
				SWIFT_EMIT_LOC_STRINGS = YES;
				SWIFT_VERSION = 5.0;
				TARGETED_DEVICE_FAMILY = "1,2";
			};
			name = Release;
		};
/* End XCBuildConfiguration section */

/* Begin XCConfigurationList section */
		2E7E2FA327F1998A002EC12D /* Build configuration list for PBXProject "YazilimTasarimKaliplari1" */ = {
			isa = XCConfigurationList;
			buildConfigurations = (
				2E7E2FBA27F1998C002EC12D /* Debug */,
				2E7E2FBB27F1998C002EC12D /* Release */,
			);
			defaultConfigurationIsVisible = 0;
			defaultConfigurationName = Release;
		};
		2E7E2FBC27F1998C002EC12D /* Build configuration list for PBXNativeTarget "YazilimTasarimKaliplari1" */ = {
			isa = XCConfigurationList;
			buildConfigurations = (
				2E7E2FBD27F1998C002EC12D /* Debug */,
				2E7E2FBE27F1998C002EC12D /* Release */,
			);
			defaultConfigurationIsVisible = 0;
			defaultConfigurationName = Release;
		};
/* End XCConfigurationList section */
	};
	rootObject = 2E7E2FA027F1998A002EC12D /* Project object */;
}
